<?xml version="1.0" encoding="UTF-8"?>
<!DOCTYPE plist PUBLIC "-//Apple//DTD PLIST 1.0//EN" "http://www.apple.com/DTDs/PropertyList-1.0.dtd">
<plist version="1.0">
<dict>
	<key>archiveVersion</key>
	<string>1</string>
	<key>classes</key>
	<dict/>
	<key>objectVersion</key>
	<string>46</string>
	<key>objects</key>
	<dict>
		<key>13799B199A96F203266EA818</key>
		<dict>
			<key>includeInIndex</key>
			<string>1</string>
			<key>isa</key>
			<string>PBXFileReference</string>
			<key>lastKnownFileType</key>
			<string>text.xcconfig</string>
			<key>name</key>
			<string>Pods-KiiGateKeeper.debug.xcconfig</string>
			<key>path</key>
			<string>Pods/Target Support Files/Pods-KiiGateKeeper/Pods-KiiGateKeeper.debug.xcconfig</string>
			<key>sourceTree</key>
			<string>&lt;group&gt;</string>
		</dict>
		<key>35127C0652B46631B32678E4</key>
		<dict>
			<key>children</key>
			<array>
				<string>8548A5C06ACAEEDF7DA28A5D</string>
			</array>
			<key>isa</key>
			<string>PBXGroup</string>
			<key>name</key>
			<string>Frameworks</string>
			<key>sourceTree</key>
			<string>&lt;group&gt;</string>
		</dict>
		<key>3D306BC2BDE751FFD42BF06C</key>
		<dict>
			<key>buildActionMask</key>
			<string>2147483647</string>
			<key>files</key>
			<array/>
			<key>inputPaths</key>
			<array/>
			<key>isa</key>
			<string>PBXShellScriptBuildPhase</string>
			<key>name</key>
			<string>Copy Pods Resources</string>
			<key>outputPaths</key>
			<array/>
			<key>runOnlyForDeploymentPostprocessing</key>
			<string>0</string>
			<key>shellPath</key>
			<string>/bin/sh</string>
			<key>shellScript</key>
			<string>"${SRCROOT}/Pods/Target Support Files/Pods-KiiGateKeeper/Pods-KiiGateKeeper-resources.sh"
</string>
			<key>showEnvVarsInLog</key>
			<string>0</string>
		</dict>
		<key>796206BA6D363BC11F2B4BD3</key>
		<dict>
			<key>children</key>
			<array>
				<string>13799B199A96F203266EA818</string>
				<string>D460EDE7CB50687DDB221DA7</string>
			</array>
			<key>isa</key>
			<string>PBXGroup</string>
			<key>name</key>
			<string>Pods</string>
			<key>sourceTree</key>
			<string>&lt;group&gt;</string>
		</dict>
		<key>7CC4D29E1D62ECE0748BD851</key>
		<dict>
			<key>buildActionMask</key>
			<string>2147483647</string>
			<key>files</key>
			<array/>
			<key>inputPaths</key>
			<array/>
			<key>isa</key>
			<string>PBXShellScriptBuildPhase</string>
			<key>name</key>
			<string>Check Pods Manifest.lock</string>
			<key>outputPaths</key>
			<array/>
			<key>runOnlyForDeploymentPostprocessing</key>
			<string>0</string>
			<key>shellPath</key>
			<string>/bin/sh</string>
			<key>shellScript</key>
			<string>diff "${PODS_ROOT}/../Podfile.lock" "${PODS_ROOT}/Manifest.lock" &gt; /dev/null
if [[ $? != 0 ]] ; then
    cat &lt;&lt; EOM
error: The sandbox is not in sync with the Podfile.lock. Run 'pod install' or update your CocoaPods installation.
EOM
    exit 1
fi
</string>
			<key>showEnvVarsInLog</key>
			<string>0</string>
		</dict>
		<key>7D648D811A19D76B005C5317</key>
		<dict>
			<key>children</key>
			<array>
				<string>D5B341E91A19FE8900B4E782</string>
				<string>D5B341E71A19FE8200B4E782</string>
				<string>7D648D8C1A19D76B005C5317</string>
				<string>7D648DA61A19D76B005C5317</string>
				<string>D5B341F01A1AF18D00B4E782</string>
				<string>D5B3420A1A1AF18D00B4E782</string>
				<string>7D648D8B1A19D76B005C5317</string>
				<string>796206BA6D363BC11F2B4BD3</string>
				<string>35127C0652B46631B32678E4</string>
			</array>
			<key>isa</key>
			<string>PBXGroup</string>
			<key>sourceTree</key>
			<string>&lt;group&gt;</string>
		</dict>
		<key>7D648D821A19D76B005C5317</key>
		<dict>
			<key>attributes</key>
			<dict>
				<key>LastUpgradeCheck</key>
				<string>0610</string>
				<key>ORGANIZATIONNAME</key>
				<string>Kii Corporation</string>
				<key>TargetAttributes</key>
				<dict>
					<key>7D648D891A19D76B005C5317</key>
					<dict>
						<key>CreatedOnToolsVersion</key>
						<string>6.1</string>
						<key>DevelopmentTeam</key>
						<string>N5QLD3RVE2</string>
						<key>SystemCapabilities</key>
						<dict>
							<key>com.apple.BackgroundModes</key>
							<dict>
								<key>enabled</key>
								<string>1</string>
							</dict>
						</dict>
					</dict>
					<key>7D648DA21A19D76B005C5317</key>
					<dict>
						<key>CreatedOnToolsVersion</key>
						<string>6.1</string>
						<key>TestTargetID</key>
						<string>7D648D891A19D76B005C5317</string>
					</dict>
					<key>D5B341EE1A1AF18D00B4E782</key>
					<dict>
						<key>CreatedOnToolsVersion</key>
						<string>6.1</string>
						<key>SystemCapabilities</key>
						<dict>
							<key>com.apple.BackgroundModes</key>
							<dict>
								<key>enabled</key>
								<string>1</string>
							</dict>
						</dict>
					</dict>
					<key>D5B342061A1AF18D00B4E782</key>
					<dict>
						<key>CreatedOnToolsVersion</key>
						<string>6.1</string>
						<key>TestTargetID</key>
						<string>D5B341EE1A1AF18D00B4E782</string>
					</dict>
				</dict>
			</dict>
			<key>buildConfigurationList</key>
			<string>7D648D851A19D76B005C5317</string>
			<key>compatibilityVersion</key>
			<string>Xcode 3.2</string>
			<key>developmentRegion</key>
			<string>English</string>
			<key>hasScannedForEncodings</key>
			<string>0</string>
			<key>isa</key>
			<string>PBXProject</string>
			<key>knownRegions</key>
			<array>
				<string>en</string>
				<string>Base</string>
			</array>
			<key>mainGroup</key>
			<string>7D648D811A19D76B005C5317</string>
			<key>productRefGroup</key>
			<string>7D648D8B1A19D76B005C5317</string>
			<key>projectDirPath</key>
			<string></string>
			<key>projectReferences</key>
			<array/>
			<key>projectRoot</key>
			<string></string>
			<key>targets</key>
			<array>
				<string>7D648D891A19D76B005C5317</string>
				<string>7D648DA21A19D76B005C5317</string>
				<string>D5B341EE1A1AF18D00B4E782</string>
				<string>D5B342061A1AF18D00B4E782</string>
			</array>
		</dict>
		<key>7D648D851A19D76B005C5317</key>
		<dict>
			<key>buildConfigurations</key>
			<array>
				<string>7D648DAB1A19D76B005C5317</string>
				<string>7D648DAC1A19D76B005C5317</string>
			</array>
			<key>defaultConfigurationIsVisible</key>
			<string>0</string>
			<key>defaultConfigurationName</key>
			<string>Release</string>
			<key>isa</key>
			<string>XCConfigurationList</string>
		</dict>
		<key>7D648D861A19D76B005C5317</key>
		<dict>
			<key>buildActionMask</key>
			<string>2147483647</string>
			<key>files</key>
			<array>
				<string>7DEE2A031A1B2AC0000E7F13</string>
				<string>7D648D961A19D76B005C5317</string>
				<string>7D648D931A19D76B005C5317</string>
				<string>7D648D901A19D76B005C5317</string>
			</array>
			<key>isa</key>
			<string>PBXSourcesBuildPhase</string>
			<key>runOnlyForDeploymentPostprocessing</key>
			<string>0</string>
		</dict>
		<key>7D648D871A19D76B005C5317</key>
		<dict>
			<key>buildActionMask</key>
			<string>2147483647</string>
			<key>files</key>
			<array>
				<string>D5B341EA1A19FE8900B4E782</string>
				<string>D5B341E81A19FE8200B4E782</string>
				<string>7D648DC41A19DDCA005C5317</string>
				<string>7D648DC21A19DDB7005C5317</string>
				<string>7D648DC01A19DDB1005C5317</string>
				<string>7D648DBE1A19DDAB005C5317</string>
				<string>7D648DBC1A19DDA4005C5317</string>
				<string>7D648DBA1A19DD9E005C5317</string>
				<string>7D648DB71A19DC52005C5317</string>
				<string>CDD9C3395D3DD49A72F81277</string>
			</array>
			<key>isa</key>
			<string>PBXFrameworksBuildPhase</string>
			<key>runOnlyForDeploymentPostprocessing</key>
			<string>0</string>
		</dict>
		<key>7D648D881A19D76B005C5317</key>
		<dict>
			<key>buildActionMask</key>
			<string>2147483647</string>
			<key>files</key>
			<array>
				<string>7D648D991A19D76B005C5317</string>
				<string>7D648D9E1A19D76B005C5317</string>
				<string>7D648D9B1A19D76B005C5317</string>
			</array>
			<key>isa</key>
			<string>PBXResourcesBuildPhase</string>
			<key>runOnlyForDeploymentPostprocessing</key>
			<string>0</string>
		</dict>
		<key>7D648D891A19D76B005C5317</key>
		<dict>
			<key>buildConfigurationList</key>
			<string>7D648DAD1A19D76B005C5317</string>
			<key>buildPhases</key>
			<array>
				<string>7CC4D29E1D62ECE0748BD851</string>
				<string>7D648D861A19D76B005C5317</string>
				<string>7D648D871A19D76B005C5317</string>
				<string>7D648D881A19D76B005C5317</string>
				<string>3D306BC2BDE751FFD42BF06C</string>
			</array>
			<key>buildRules</key>
			<array/>
			<key>dependencies</key>
			<array/>
			<key>isa</key>
			<string>PBXNativeTarget</string>
			<key>name</key>
			<string>KiiGateKeeper</string>
			<key>productName</key>
			<string>KiiGateKeeper</string>
			<key>productReference</key>
			<string>7D648D8A1A19D76B005C5317</string>
			<key>productType</key>
			<string>com.apple.product-type.application</string>
		</dict>
		<key>7D648D8A1A19D76B005C5317</key>
		<dict>
			<key>explicitFileType</key>
			<string>wrapper.application</string>
			<key>includeInIndex</key>
			<string>0</string>
			<key>isa</key>
			<string>PBXFileReference</string>
			<key>path</key>
			<string>KiiGateKeeper.app</string>
			<key>sourceTree</key>
			<string>BUILT_PRODUCTS_DIR</string>
		</dict>
		<key>7D648D8B1A19D76B005C5317</key>
		<dict>
			<key>children</key>
			<array>
				<string>7D648D8A1A19D76B005C5317</string>
				<string>7D648DA31A19D76B005C5317</string>
				<string>D5B341EF1A1AF18D00B4E782</string>
				<string>D5B342071A1AF18D00B4E782</string>
			</array>
			<key>isa</key>
			<string>PBXGroup</string>
			<key>name</key>
			<string>Products</string>
			<key>sourceTree</key>
			<string>&lt;group&gt;</string>
		</dict>
		<key>7D648D8C1A19D76B005C5317</key>
		<dict>
			<key>children</key>
			<array>
				<string>7D648DB31A19DB7F005C5317</string>
				<string>7D648D911A19D76B005C5317</string>
				<string>7D648D921A19D76B005C5317</string>
				<string>7D648D941A19D76B005C5317</string>
				<string>7D648D951A19D76B005C5317</string>
				<string>7D648D971A19D76B005C5317</string>
				<string>7D648D9A1A19D76B005C5317</string>
				<string>7D648D9C1A19D76B005C5317</string>
				<string>7D648D8D1A19D76B005C5317</string>
				<string>7DEE2A011A1B2AC0000E7F13</string>
				<string>7DEE2A021A1B2AC0000E7F13</string>
			</array>
			<key>isa</key>
			<string>PBXGroup</string>
			<key>path</key>
			<string>KiiGateKeeper</string>
			<key>sourceTree</key>
			<string>&lt;group&gt;</string>
		</dict>
		<key>7D648D8D1A19D76B005C5317</key>
		<dict>
			<key>children</key>
			<array>
				<string>7D648D8E1A19D76B005C5317</string>
				<string>7D648D8F1A19D76B005C5317</string>
				<string>7D648DB81A19DD1C005C5317</string>
			</array>
			<key>isa</key>
			<string>PBXGroup</string>
			<key>name</key>
			<string>Supporting Files</string>
			<key>sourceTree</key>
			<string>&lt;group&gt;</string>
		</dict>
		<key>7D648D8E1A19D76B005C5317</key>
		<dict>
			<key>isa</key>
			<string>PBXFileReference</string>
			<key>lastKnownFileType</key>
			<string>text.plist.xml</string>
			<key>path</key>
			<string>Info.plist</string>
			<key>sourceTree</key>
			<string>&lt;group&gt;</string>
		</dict>
		<key>7D648D8F1A19D76B005C5317</key>
		<dict>
			<key>isa</key>
			<string>PBXFileReference</string>
			<key>lastKnownFileType</key>
			<string>sourcecode.c.objc</string>
			<key>path</key>
			<string>main.m</string>
			<key>sourceTree</key>
			<string>&lt;group&gt;</string>
		</dict>
		<key>7D648D901A19D76B005C5317</key>
		<dict>
			<key>fileRef</key>
			<string>7D648D8F1A19D76B005C5317</string>
			<key>isa</key>
			<string>PBXBuildFile</string>
		</dict>
		<key>7D648D911A19D76B005C5317</key>
		<dict>
			<key>isa</key>
			<string>PBXFileReference</string>
			<key>lastKnownFileType</key>
			<string>sourcecode.c.h</string>
			<key>path</key>
			<string>AppDelegate.h</string>
			<key>sourceTree</key>
			<string>&lt;group&gt;</string>
		</dict>
		<key>7D648D921A19D76B005C5317</key>
		<dict>
			<key>isa</key>
			<string>PBXFileReference</string>
			<key>lastKnownFileType</key>
			<string>sourcecode.c.objc</string>
			<key>path</key>
			<string>AppDelegate.m</string>
			<key>sourceTree</key>
			<string>&lt;group&gt;</string>
		</dict>
		<key>7D648D931A19D76B005C5317</key>
		<dict>
			<key>fileRef</key>
			<string>7D648D921A19D76B005C5317</string>
			<key>isa</key>
			<string>PBXBuildFile</string>
		</dict>
		<key>7D648D941A19D76B005C5317</key>
		<dict>
			<key>isa</key>
			<string>PBXFileReference</string>
			<key>lastKnownFileType</key>
			<string>sourcecode.c.h</string>
			<key>path</key>
			<string>ViewController.h</string>
			<key>sourceTree</key>
			<string>&lt;group&gt;</string>
		</dict>
		<key>7D648D951A19D76B005C5317</key>
		<dict>
			<key>isa</key>
			<string>PBXFileReference</string>
			<key>lastKnownFileType</key>
			<string>sourcecode.c.objc</string>
			<key>path</key>
			<string>ViewController.m</string>
			<key>sourceTree</key>
			<string>&lt;group&gt;</string>
		</dict>
		<key>7D648D961A19D76B005C5317</key>
		<dict>
			<key>fileRef</key>
			<string>7D648D951A19D76B005C5317</string>
			<key>isa</key>
			<string>PBXBuildFile</string>
		</dict>
		<key>7D648D971A19D76B005C5317</key>
		<dict>
			<key>children</key>
			<array>
				<string>7D648D981A19D76B005C5317</string>
			</array>
			<key>isa</key>
			<string>PBXVariantGroup</string>
			<key>name</key>
			<string>Main.storyboard</string>
			<key>sourceTree</key>
			<string>&lt;group&gt;</string>
		</dict>
		<key>7D648D981A19D76B005C5317</key>
		<dict>
			<key>isa</key>
			<string>PBXFileReference</string>
			<key>lastKnownFileType</key>
			<string>file.storyboard</string>
			<key>name</key>
			<string>Base</string>
			<key>path</key>
			<string>Base.lproj/Main.storyboard</string>
			<key>sourceTree</key>
			<string>&lt;group&gt;</string>
		</dict>
		<key>7D648D991A19D76B005C5317</key>
		<dict>
			<key>fileRef</key>
			<string>7D648D971A19D76B005C5317</string>
			<key>isa</key>
			<string>PBXBuildFile</string>
		</dict>
		<key>7D648D9A1A19D76B005C5317</key>
		<dict>
			<key>isa</key>
			<string>PBXFileReference</string>
			<key>lastKnownFileType</key>
			<string>folder.assetcatalog</string>
			<key>path</key>
			<string>Images.xcassets</string>
			<key>sourceTree</key>
			<string>&lt;group&gt;</string>
		</dict>
		<key>7D648D9B1A19D76B005C5317</key>
		<dict>
			<key>fileRef</key>
			<string>7D648D9A1A19D76B005C5317</string>
			<key>isa</key>
			<string>PBXBuildFile</string>
		</dict>
		<key>7D648D9C1A19D76B005C5317</key>
		<dict>
			<key>children</key>
			<array>
				<string>7D648D9D1A19D76B005C5317</string>
			</array>
			<key>isa</key>
			<string>PBXVariantGroup</string>
			<key>name</key>
			<string>LaunchScreen.xib</string>
			<key>sourceTree</key>
			<string>&lt;group&gt;</string>
		</dict>
		<key>7D648D9D1A19D76B005C5317</key>
		<dict>
			<key>isa</key>
			<string>PBXFileReference</string>
			<key>lastKnownFileType</key>
			<string>file.xib</string>
			<key>name</key>
			<string>Base</string>
			<key>path</key>
			<string>Base.lproj/LaunchScreen.xib</string>
			<key>sourceTree</key>
			<string>&lt;group&gt;</string>
		</dict>
		<key>7D648D9E1A19D76B005C5317</key>
		<dict>
			<key>fileRef</key>
			<string>7D648D9C1A19D76B005C5317</string>
			<key>isa</key>
			<string>PBXBuildFile</string>
		</dict>
		<key>7D648D9F1A19D76B005C5317</key>
		<dict>
			<key>buildActionMask</key>
			<string>2147483647</string>
			<key>files</key>
			<array>
				<string>7D648DAA1A19D76B005C5317</string>
			</array>
			<key>isa</key>
			<string>PBXSourcesBuildPhase</string>
			<key>runOnlyForDeploymentPostprocessing</key>
			<string>0</string>
		</dict>
		<key>7D648DA01A19D76B005C5317</key>
		<dict>
			<key>buildActionMask</key>
			<string>2147483647</string>
			<key>files</key>
			<array/>
			<key>isa</key>
			<string>PBXFrameworksBuildPhase</string>
			<key>runOnlyForDeploymentPostprocessing</key>
			<string>0</string>
		</dict>
		<key>7D648DA11A19D76B005C5317</key>
		<dict>
			<key>buildActionMask</key>
			<string>2147483647</string>
			<key>files</key>
			<array/>
			<key>isa</key>
			<string>PBXResourcesBuildPhase</string>
			<key>runOnlyForDeploymentPostprocessing</key>
			<string>0</string>
		</dict>
		<key>7D648DA21A19D76B005C5317</key>
		<dict>
			<key>buildConfigurationList</key>
			<string>7D648DB01A19D76B005C5317</string>
			<key>buildPhases</key>
			<array>
				<string>7D648D9F1A19D76B005C5317</string>
				<string>7D648DA01A19D76B005C5317</string>
				<string>7D648DA11A19D76B005C5317</string>
			</array>
			<key>buildRules</key>
			<array/>
			<key>dependencies</key>
			<array>
				<string>7D648DA51A19D76B005C5317</string>
			</array>
			<key>isa</key>
			<string>PBXNativeTarget</string>
			<key>name</key>
			<string>KiiGateKeeperTests</string>
			<key>productName</key>
			<string>KiiGateKeeperTests</string>
			<key>productReference</key>
			<string>7D648DA31A19D76B005C5317</string>
			<key>productType</key>
			<string>com.apple.product-type.bundle.unit-test</string>
		</dict>
		<key>7D648DA31A19D76B005C5317</key>
		<dict>
			<key>explicitFileType</key>
			<string>wrapper.cfbundle</string>
			<key>includeInIndex</key>
			<string>0</string>
			<key>isa</key>
			<string>PBXFileReference</string>
			<key>path</key>
			<string>KiiGateKeeperTests.xctest</string>
			<key>sourceTree</key>
			<string>BUILT_PRODUCTS_DIR</string>
		</dict>
		<key>7D648DA41A19D76B005C5317</key>
		<dict>
			<key>containerPortal</key>
			<string>7D648D821A19D76B005C5317</string>
			<key>isa</key>
			<string>PBXContainerItemProxy</string>
			<key>proxyType</key>
			<string>1</string>
			<key>remoteGlobalIDString</key>
			<string>7D648D891A19D76B005C5317</string>
			<key>remoteInfo</key>
			<string>KiiGateKeeper</string>
		</dict>
		<key>7D648DA51A19D76B005C5317</key>
		<dict>
			<key>isa</key>
			<string>PBXTargetDependency</string>
			<key>target</key>
			<string>7D648D891A19D76B005C5317</string>
			<key>targetProxy</key>
			<string>7D648DA41A19D76B005C5317</string>
		</dict>
		<key>7D648DA61A19D76B005C5317</key>
		<dict>
			<key>children</key>
			<array>
				<string>7D648DA91A19D76B005C5317</string>
				<string>7D648DA71A19D76B005C5317</string>
			</array>
			<key>isa</key>
			<string>PBXGroup</string>
			<key>path</key>
			<string>KiiGateKeeperTests</string>
			<key>sourceTree</key>
			<string>&lt;group&gt;</string>
		</dict>
		<key>7D648DA71A19D76B005C5317</key>
		<dict>
			<key>children</key>
			<array>
				<string>7D648DA81A19D76B005C5317</string>
			</array>
			<key>isa</key>
			<string>PBXGroup</string>
			<key>name</key>
			<string>Supporting Files</string>
			<key>sourceTree</key>
			<string>&lt;group&gt;</string>
		</dict>
		<key>7D648DA81A19D76B005C5317</key>
		<dict>
			<key>isa</key>
			<string>PBXFileReference</string>
			<key>lastKnownFileType</key>
			<string>text.plist.xml</string>
			<key>path</key>
			<string>Info.plist</string>
			<key>sourceTree</key>
			<string>&lt;group&gt;</string>
		</dict>
		<key>7D648DA91A19D76B005C5317</key>
		<dict>
			<key>isa</key>
			<string>PBXFileReference</string>
			<key>lastKnownFileType</key>
			<string>sourcecode.c.objc</string>
			<key>path</key>
			<string>KiiGateKeeperTests.m</string>
			<key>sourceTree</key>
			<string>&lt;group&gt;</string>
		</dict>
		<key>7D648DAA1A19D76B005C5317</key>
		<dict>
			<key>fileRef</key>
			<string>7D648DA91A19D76B005C5317</string>
			<key>isa</key>
			<string>PBXBuildFile</string>
		</dict>
		<key>7D648DAB1A19D76B005C5317</key>
		<dict>
			<key>buildSettings</key>
			<dict>
				<key>ALWAYS_SEARCH_USER_PATHS</key>
				<string>NO</string>
				<key>CLANG_CXX_LANGUAGE_STANDARD</key>
				<string>gnu++0x</string>
				<key>CLANG_CXX_LIBRARY</key>
				<string>libc++</string>
				<key>CLANG_ENABLE_MODULES</key>
				<string>YES</string>
				<key>CLANG_ENABLE_OBJC_ARC</key>
				<string>YES</string>
				<key>CLANG_WARN_BOOL_CONVERSION</key>
				<string>YES</string>
				<key>CLANG_WARN_CONSTANT_CONVERSION</key>
				<string>YES</string>
				<key>CLANG_WARN_DIRECT_OBJC_ISA_USAGE</key>
				<string>YES_ERROR</string>
				<key>CLANG_WARN_EMPTY_BODY</key>
				<string>YES</string>
				<key>CLANG_WARN_ENUM_CONVERSION</key>
				<string>YES</string>
				<key>CLANG_WARN_INT_CONVERSION</key>
				<string>YES</string>
				<key>CLANG_WARN_OBJC_ROOT_CLASS</key>
				<string>YES_ERROR</string>
				<key>CLANG_WARN_UNREACHABLE_CODE</key>
				<string>YES</string>
				<key>CLANG_WARN__DUPLICATE_METHOD_MATCH</key>
				<string>YES</string>
				<key>CODE_SIGN_IDENTITY[sdk=iphoneos*]</key>
				<string>iPhone Developer</string>
				<key>COPY_PHASE_STRIP</key>
				<string>NO</string>
				<key>ENABLE_STRICT_OBJC_MSGSEND</key>
				<string>YES</string>
				<key>GCC_C_LANGUAGE_STANDARD</key>
				<string>gnu99</string>
				<key>GCC_DYNAMIC_NO_PIC</key>
				<string>NO</string>
				<key>GCC_OPTIMIZATION_LEVEL</key>
				<string>0</string>
				<key>GCC_PRECOMPILE_PREFIX_HEADER</key>
				<string>YES</string>
				<key>GCC_PREPROCESSOR_DEFINITIONS</key>
				<array>
					<string>DEBUG=1</string>
					<string>$(inherited)</string>
				</array>
				<key>GCC_SYMBOLS_PRIVATE_EXTERN</key>
				<string>NO</string>
				<key>GCC_WARN_64_TO_32_BIT_CONVERSION</key>
				<string>YES</string>
				<key>GCC_WARN_ABOUT_RETURN_TYPE</key>
				<string>YES_ERROR</string>
				<key>GCC_WARN_UNDECLARED_SELECTOR</key>
				<string>YES</string>
				<key>GCC_WARN_UNINITIALIZED_AUTOS</key>
				<string>YES_AGGRESSIVE</string>
				<key>GCC_WARN_UNUSED_FUNCTION</key>
				<string>YES</string>
				<key>GCC_WARN_UNUSED_VARIABLE</key>
				<string>YES</string>
				<key>IPHONEOS_DEPLOYMENT_TARGET</key>
				<string>8.0</string>
				<key>MTL_ENABLE_DEBUG_INFO</key>
				<string>YES</string>
				<key>ONLY_ACTIVE_ARCH</key>
				<string>YES</string>
				<key>SDKROOT</key>
				<string>iphoneos</string>
			</dict>
			<key>isa</key>
			<string>XCBuildConfiguration</string>
			<key>name</key>
			<string>Debug</string>
		</dict>
		<key>7D648DAC1A19D76B005C5317</key>
		<dict>
			<key>buildSettings</key>
			<dict>
				<key>ALWAYS_SEARCH_USER_PATHS</key>
				<string>NO</string>
				<key>CLANG_CXX_LANGUAGE_STANDARD</key>
				<string>gnu++0x</string>
				<key>CLANG_CXX_LIBRARY</key>
				<string>libc++</string>
				<key>CLANG_ENABLE_MODULES</key>
				<string>YES</string>
				<key>CLANG_ENABLE_OBJC_ARC</key>
				<string>YES</string>
				<key>CLANG_WARN_BOOL_CONVERSION</key>
				<string>YES</string>
				<key>CLANG_WARN_CONSTANT_CONVERSION</key>
				<string>YES</string>
				<key>CLANG_WARN_DIRECT_OBJC_ISA_USAGE</key>
				<string>YES_ERROR</string>
				<key>CLANG_WARN_EMPTY_BODY</key>
				<string>YES</string>
				<key>CLANG_WARN_ENUM_CONVERSION</key>
				<string>YES</string>
				<key>CLANG_WARN_INT_CONVERSION</key>
				<string>YES</string>
				<key>CLANG_WARN_OBJC_ROOT_CLASS</key>
				<string>YES_ERROR</string>
				<key>CLANG_WARN_UNREACHABLE_CODE</key>
				<string>YES</string>
				<key>CLANG_WARN__DUPLICATE_METHOD_MATCH</key>
				<string>YES</string>
				<key>CODE_SIGN_IDENTITY[sdk=iphoneos*]</key>
				<string>iPhone Developer</string>
				<key>COPY_PHASE_STRIP</key>
				<string>YES</string>
				<key>ENABLE_NS_ASSERTIONS</key>
				<string>NO</string>
				<key>ENABLE_STRICT_OBJC_MSGSEND</key>
				<string>YES</string>
				<key>GCC_C_LANGUAGE_STANDARD</key>
				<string>gnu99</string>
				<key>GCC_PRECOMPILE_PREFIX_HEADER</key>
				<string>YES</string>
				<key>GCC_WARN_64_TO_32_BIT_CONVERSION</key>
				<string>YES</string>
				<key>GCC_WARN_ABOUT_RETURN_TYPE</key>
				<string>YES_ERROR</string>
				<key>GCC_WARN_UNDECLARED_SELECTOR</key>
				<string>YES</string>
				<key>GCC_WARN_UNINITIALIZED_AUTOS</key>
				<string>YES_AGGRESSIVE</string>
				<key>GCC_WARN_UNUSED_FUNCTION</key>
				<string>YES</string>
				<key>GCC_WARN_UNUSED_VARIABLE</key>
				<string>YES</string>
				<key>IPHONEOS_DEPLOYMENT_TARGET</key>
				<string>8.0</string>
				<key>MTL_ENABLE_DEBUG_INFO</key>
				<string>NO</string>
				<key>SDKROOT</key>
				<string>iphoneos</string>
				<key>VALIDATE_PRODUCT</key>
				<string>YES</string>
			</dict>
			<key>isa</key>
			<string>XCBuildConfiguration</string>
			<key>name</key>
			<string>Release</string>
		</dict>
		<key>7D648DAD1A19D76B005C5317</key>
		<dict>
			<key>buildConfigurations</key>
			<array>
				<string>7D648DAE1A19D76B005C5317</string>
				<string>7D648DAF1A19D76B005C5317</string>
			</array>
			<key>defaultConfigurationIsVisible</key>
			<string>0</string>
			<key>defaultConfigurationName</key>
			<string>Release</string>
			<key>isa</key>
			<string>XCConfigurationList</string>
		</dict>
		<key>7D648DAE1A19D76B005C5317</key>
		<dict>
			<key>baseConfigurationReference</key>
			<string>13799B199A96F203266EA818</string>
			<key>buildSettings</key>
			<dict>
				<key>ASSETCATALOG_COMPILER_APPICON_NAME</key>
				<string>AppIcon</string>
				<key>CODE_SIGN_IDENTITY</key>
				<string>iPhone Developer</string>
				<key>FRAMEWORK_SEARCH_PATHS</key>
				<array>
					<string>$(inherited)</string>
					<string>$(PROJECT_DIR)/KiiGateKeeper</string>
				</array>
				<key>GCC_PRECOMPILE_PREFIX_HEADER</key>
				<string>YES</string>
				<key>GCC_PREFIX_HEADER</key>
				<string>$(SRCROOT)/$(TARGET_NAME)/PrefixHeader.pch</string>
				<key>INFOPLIST_FILE</key>
				<string>KiiGateKeeper/Info.plist</string>
				<key>LD_RUNPATH_SEARCH_PATHS</key>
				<string>$(inherited) @executable_path/Frameworks</string>
				<key>PRODUCT_NAME</key>
				<string>$(TARGET_NAME)</string>
			</dict>
			<key>isa</key>
			<string>XCBuildConfiguration</string>
			<key>name</key>
			<string>Debug</string>
		</dict>
		<key>7D648DAF1A19D76B005C5317</key>
		<dict>
			<key>baseConfigurationReference</key>
			<string>D460EDE7CB50687DDB221DA7</string>
			<key>buildSettings</key>
			<dict>
				<key>ASSETCATALOG_COMPILER_APPICON_NAME</key>
				<string>AppIcon</string>
				<key>CODE_SIGN_IDENTITY</key>
				<string>iPhone Developer</string>
				<key>FRAMEWORK_SEARCH_PATHS</key>
				<array>
					<string>$(inherited)</string>
					<string>$(PROJECT_DIR)/KiiGateKeeper</string>
				</array>
				<key>GCC_PRECOMPILE_PREFIX_HEADER</key>
				<string>YES</string>
				<key>GCC_PREFIX_HEADER</key>
				<string>$(SRCROOT)/$(TARGET_NAME)/PrefixHeader.pch</string>
				<key>INFOPLIST_FILE</key>
				<string>KiiGateKeeper/Info.plist</string>
				<key>LD_RUNPATH_SEARCH_PATHS</key>
				<string>$(inherited) @executable_path/Frameworks</string>
				<key>PRODUCT_NAME</key>
				<string>$(TARGET_NAME)</string>
			</dict>
			<key>isa</key>
			<string>XCBuildConfiguration</string>
			<key>name</key>
			<string>Release</string>
		</dict>
		<key>7D648DB01A19D76B005C5317</key>
		<dict>
			<key>buildConfigurations</key>
			<array>
				<string>7D648DB11A19D76B005C5317</string>
				<string>7D648DB21A19D76B005C5317</string>
			</array>
			<key>defaultConfigurationIsVisible</key>
			<string>0</string>
			<key>defaultConfigurationName</key>
			<string>Release</string>
			<key>isa</key>
			<string>XCConfigurationList</string>
		</dict>
		<key>7D648DB11A19D76B005C5317</key>
		<dict>
			<key>buildSettings</key>
			<dict>
				<key>BUNDLE_LOADER</key>
				<string>$(TEST_HOST)</string>
				<key>FRAMEWORK_SEARCH_PATHS</key>
				<array>
					<string>$(SDKROOT)/Developer/Library/Frameworks</string>
					<string>$(inherited)</string>
				</array>
				<key>GCC_PREPROCESSOR_DEFINITIONS</key>
				<array>
					<string>DEBUG=1</string>
					<string>$(inherited)</string>
				</array>
				<key>INFOPLIST_FILE</key>
				<string>KiiGateKeeperTests/Info.plist</string>
				<key>LD_RUNPATH_SEARCH_PATHS</key>
				<string>$(inherited) @executable_path/Frameworks @loader_path/Frameworks</string>
				<key>PRODUCT_NAME</key>
				<string>$(TARGET_NAME)</string>
				<key>TEST_HOST</key>
				<string>$(BUILT_PRODUCTS_DIR)/KiiGateKeeper.app/KiiGateKeeper</string>
			</dict>
			<key>isa</key>
			<string>XCBuildConfiguration</string>
			<key>name</key>
			<string>Debug</string>
		</dict>
		<key>7D648DB21A19D76B005C5317</key>
		<dict>
			<key>buildSettings</key>
			<dict>
				<key>BUNDLE_LOADER</key>
				<string>$(TEST_HOST)</string>
				<key>FRAMEWORK_SEARCH_PATHS</key>
				<array>
					<string>$(SDKROOT)/Developer/Library/Frameworks</string>
					<string>$(inherited)</string>
				</array>
				<key>INFOPLIST_FILE</key>
				<string>KiiGateKeeperTests/Info.plist</string>
				<key>LD_RUNPATH_SEARCH_PATHS</key>
				<string>$(inherited) @executable_path/Frameworks @loader_path/Frameworks</string>
				<key>PRODUCT_NAME</key>
				<string>$(TARGET_NAME)</string>
				<key>TEST_HOST</key>
				<string>$(BUILT_PRODUCTS_DIR)/KiiGateKeeper.app/KiiGateKeeper</string>
			</dict>
			<key>isa</key>
			<string>XCBuildConfiguration</string>
			<key>name</key>
			<string>Release</string>
		</dict>
		<key>7D648DB31A19DB7F005C5317</key>
		<dict>
			<key>children</key>
			<array>
				<string>7D648DC31A19DDCA005C5317</string>
				<string>7D648DC11A19DDB7005C5317</string>
				<string>7D648DBF1A19DDB1005C5317</string>
				<string>7D648DBD1A19DDAB005C5317</string>
				<string>7D648DBB1A19DDA4005C5317</string>
				<string>7D648DB91A19DD9E005C5317</string>
				<string>7D648DB61A19DC52005C5317</string>
			</array>
			<key>isa</key>
			<string>PBXGroup</string>
			<key>name</key>
			<string>frameworks</string>
			<key>sourceTree</key>
			<string>&lt;group&gt;</string>
		</dict>
		<key>7D648DB61A19DC52005C5317</key>
		<dict>
			<key>isa</key>
			<string>PBXFileReference</string>
			<key>lastKnownFileType</key>
			<string>wrapper.framework</string>
			<key>path</key>
			<string>KiiSDK.framework</string>
			<key>sourceTree</key>
			<string>&lt;group&gt;</string>
		</dict>
		<key>7D648DB71A19DC52005C5317</key>
		<dict>
			<key>fileRef</key>
			<string>7D648DB61A19DC52005C5317</string>
			<key>isa</key>
			<string>PBXBuildFile</string>
		</dict>
		<key>7D648DB81A19DD1C005C5317</key>
		<dict>
			<key>fileEncoding</key>
			<string>4</string>
			<key>isa</key>
			<string>PBXFileReference</string>
			<key>lastKnownFileType</key>
			<string>sourcecode.c.h</string>
			<key>path</key>
			<string>PrefixHeader.pch</string>
			<key>sourceTree</key>
			<string>&lt;group&gt;</string>
		</dict>
		<key>7D648DB91A19DD9E005C5317</key>
		<dict>
			<key>isa</key>
			<string>PBXFileReference</string>
			<key>lastKnownFileType</key>
			<string>wrapper.framework</string>
			<key>name</key>
			<string>MobileCoreServices.framework</string>
			<key>path</key>
			<string>System/Library/Frameworks/MobileCoreServices.framework</string>
			<key>sourceTree</key>
			<string>SDKROOT</string>
		</dict>
		<key>7D648DBA1A19DD9E005C5317</key>
		<dict>
			<key>fileRef</key>
			<string>7D648DB91A19DD9E005C5317</string>
			<key>isa</key>
			<string>PBXBuildFile</string>
		</dict>
		<key>7D648DBB1A19DDA4005C5317</key>
		<dict>
			<key>isa</key>
			<string>PBXFileReference</string>
			<key>lastKnownFileType</key>
			<string>wrapper.framework</string>
			<key>name</key>
			<string>Accounts.framework</string>
			<key>path</key>
			<string>System/Library/Frameworks/Accounts.framework</string>
			<key>sourceTree</key>
			<string>SDKROOT</string>
		</dict>
		<key>7D648DBC1A19DDA4005C5317</key>
		<dict>
			<key>fileRef</key>
			<string>7D648DBB1A19DDA4005C5317</string>
			<key>isa</key>
			<string>PBXBuildFile</string>
		</dict>
		<key>7D648DBD1A19DDAB005C5317</key>
		<dict>
			<key>isa</key>
			<string>PBXFileReference</string>
			<key>lastKnownFileType</key>
			<string>wrapper.framework</string>
			<key>name</key>
			<string>Social.framework</string>
			<key>path</key>
			<string>System/Library/Frameworks/Social.framework</string>
			<key>sourceTree</key>
			<string>SDKROOT</string>
		</dict>
		<key>7D648DBE1A19DDAB005C5317</key>
		<dict>
			<key>fileRef</key>
			<string>7D648DBD1A19DDAB005C5317</string>
			<key>isa</key>
			<string>PBXBuildFile</string>
		</dict>
		<key>7D648DBF1A19DDB1005C5317</key>
		<dict>
			<key>isa</key>
			<string>PBXFileReference</string>
			<key>lastKnownFileType</key>
			<string>wrapper.framework</string>
			<key>name</key>
			<string>Security.framework</string>
			<key>path</key>
			<string>System/Library/Frameworks/Security.framework</string>
			<key>sourceTree</key>
			<string>SDKROOT</string>
		</dict>
		<key>7D648DC01A19DDB1005C5317</key>
		<dict>
			<key>fileRef</key>
			<string>7D648DBF1A19DDB1005C5317</string>
			<key>isa</key>
			<string>PBXBuildFile</string>
		</dict>
		<key>7D648DC11A19DDB7005C5317</key>
		<dict>
			<key>isa</key>
			<string>PBXFileReference</string>
			<key>lastKnownFileType</key>
			<string>wrapper.framework</string>
			<key>name</key>
			<string>ImageIO.framework</string>
			<key>path</key>
			<string>System/Library/Frameworks/ImageIO.framework</string>
			<key>sourceTree</key>
			<string>SDKROOT</string>
		</dict>
		<key>7D648DC21A19DDB7005C5317</key>
		<dict>
			<key>fileRef</key>
			<string>7D648DC11A19DDB7005C5317</string>
			<key>isa</key>
			<string>PBXBuildFile</string>
		</dict>
		<key>7D648DC31A19DDCA005C5317</key>
		<dict>
			<key>isa</key>
			<string>PBXFileReference</string>
			<key>lastKnownFileType</key>
			<string>compiled.mach-o.dylib</string>
			<key>name</key>
			<string>libsqlite3.dylib</string>
			<key>path</key>
			<string>usr/lib/libsqlite3.dylib</string>
			<key>sourceTree</key>
			<string>SDKROOT</string>
		</dict>
		<key>7D648DC41A19DDCA005C5317</key>
		<dict>
			<key>fileRef</key>
			<string>7D648DC31A19DDCA005C5317</string>
			<key>isa</key>
			<string>PBXBuildFile</string>
		</dict>
		<key>7DEE2A011A1B2AC0000E7F13</key>
		<dict>
			<key>fileEncoding</key>
			<string>4</string>
			<key>isa</key>
			<string>PBXFileReference</string>
			<key>lastKnownFileType</key>
			<string>sourcecode.c.h</string>
			<key>path</key>
			<string>LoginViewController.h</string>
			<key>sourceTree</key>
			<string>&lt;group&gt;</string>
		</dict>
		<key>7DEE2A021A1B2AC0000E7F13</key>
		<dict>
			<key>fileEncoding</key>
			<string>4</string>
			<key>isa</key>
			<string>PBXFileReference</string>
			<key>lastKnownFileType</key>
			<string>sourcecode.c.objc</string>
			<key>path</key>
			<string>LoginViewController.m</string>
			<key>sourceTree</key>
			<string>&lt;group&gt;</string>
		</dict>
		<key>7DEE2A031A1B2AC0000E7F13</key>
		<dict>
			<key>fileRef</key>
			<string>7DEE2A021A1B2AC0000E7F13</string>
			<key>isa</key>
			<string>PBXBuildFile</string>
		</dict>
		<key>8548A5C06ACAEEDF7DA28A5D</key>
		<dict>
			<key>explicitFileType</key>
			<string>archive.ar</string>
			<key>includeInIndex</key>
			<string>0</string>
			<key>isa</key>
			<string>PBXFileReference</string>
			<key>path</key>
			<string>libPods-KiiGateKeeper.a</string>
			<key>sourceTree</key>
			<string>BUILT_PRODUCTS_DIR</string>
		</dict>
		<key>CDD9C3395D3DD49A72F81277</key>
		<dict>
			<key>fileRef</key>
			<string>8548A5C06ACAEEDF7DA28A5D</string>
			<key>isa</key>
			<string>PBXBuildFile</string>
		</dict>
		<key>D460EDE7CB50687DDB221DA7</key>
		<dict>
			<key>includeInIndex</key>
			<string>1</string>
			<key>isa</key>
			<string>PBXFileReference</string>
			<key>lastKnownFileType</key>
			<string>text.xcconfig</string>
			<key>name</key>
			<string>Pods-KiiGateKeeper.release.xcconfig</string>
			<key>path</key>
			<string>Pods/Target Support Files/Pods-KiiGateKeeper/Pods-KiiGateKeeper.release.xcconfig</string>
			<key>sourceTree</key>
			<string>&lt;group&gt;</string>
		</dict>
		<key>D5B341E71A19FE8200B4E782</key>
		<dict>
			<key>isa</key>
			<string>PBXFileReference</string>
			<key>lastKnownFileType</key>
			<string>wrapper.framework</string>
			<key>name</key>
			<string>CoreLocation.framework</string>
			<key>path</key>
			<string>System/Library/Frameworks/CoreLocation.framework</string>
			<key>sourceTree</key>
			<string>SDKROOT</string>
		</dict>
		<key>D5B341E81A19FE8200B4E782</key>
		<dict>
			<key>fileRef</key>
			<string>D5B341E71A19FE8200B4E782</string>
			<key>isa</key>
			<string>PBXBuildFile</string>
		</dict>
		<key>D5B341E91A19FE8900B4E782</key>
		<dict>
			<key>isa</key>
			<string>PBXFileReference</string>
			<key>lastKnownFileType</key>
			<string>wrapper.framework</string>
			<key>name</key>
			<string>CoreBluetooth.framework</string>
			<key>path</key>
			<string>System/Library/Frameworks/CoreBluetooth.framework</string>
			<key>sourceTree</key>
			<string>SDKROOT</string>
		</dict>
		<key>D5B341EA1A19FE8900B4E782</key>
		<dict>
			<key>fileRef</key>
			<string>D5B341E91A19FE8900B4E782</string>
			<key>isa</key>
			<string>PBXBuildFile</string>
		</dict>
		<key>D5B341EB1A1AF18D00B4E782</key>
		<dict>
			<key>buildActionMask</key>
			<string>2147483647</string>
			<key>files</key>
			<array>
				<string>D5B341FA1A1AF18D00B4E782</string>
				<string>D5B341F71A1AF18D00B4E782</string>
				<string>D5B341F41A1AF18D00B4E782</string>
			</array>
			<key>isa</key>
			<string>PBXSourcesBuildPhase</string>
			<key>runOnlyForDeploymentPostprocessing</key>
			<string>0</string>
		</dict>
		<key>D5B341EC1A1AF18D00B4E782</key>
		<dict>
			<key>buildActionMask</key>
			<string>2147483647</string>
			<key>files</key>
			<array>
				<string>D5B342161A1AF1F800B4E782</string>
				<string>D5B342151A1AF1F000B4E782</string>
			</array>
			<key>isa</key>
			<string>PBXFrameworksBuildPhase</string>
			<key>runOnlyForDeploymentPostprocessing</key>
			<string>0</string>
		</dict>
		<key>D5B341ED1A1AF18D00B4E782</key>
		<dict>
			<key>buildActionMask</key>
			<string>2147483647</string>
			<key>files</key>
			<array>
				<string>D5B341FD1A1AF18D00B4E782</string>
				<string>D5B342021A1AF18D00B4E782</string>
				<string>D5B341FF1A1AF18D00B4E782</string>
			</array>
			<key>isa</key>
			<string>PBXResourcesBuildPhase</string>
			<key>runOnlyForDeploymentPostprocessing</key>
			<string>0</string>
		</dict>
		<key>D5B341EE1A1AF18D00B4E782</key>
		<dict>
			<key>buildConfigurationList</key>
			<string>D5B3420F1A1AF18D00B4E782</string>
			<key>buildPhases</key>
			<array>
				<string>D5B341EB1A1AF18D00B4E782</string>
				<string>D5B341EC1A1AF18D00B4E782</string>
				<string>D5B341ED1A1AF18D00B4E782</string>
			</array>
			<key>buildRules</key>
			<array/>
			<key>dependencies</key>
			<array/>
			<key>isa</key>
			<string>PBXNativeTarget</string>
			<key>name</key>
			<string>MockRP</string>
			<key>productName</key>
			<string>MockRP</string>
			<key>productReference</key>
			<string>D5B341EF1A1AF18D00B4E782</string>
			<key>productType</key>
			<string>com.apple.product-type.application</string>
		</dict>
		<key>D5B341EF1A1AF18D00B4E782</key>
		<dict>
			<key>explicitFileType</key>
			<string>wrapper.application</string>
			<key>includeInIndex</key>
			<string>0</string>
			<key>isa</key>
			<string>PBXFileReference</string>
			<key>path</key>
			<string>MockRP.app</string>
			<key>sourceTree</key>
			<string>BUILT_PRODUCTS_DIR</string>
		</dict>
		<key>D5B341F01A1AF18D00B4E782</key>
		<dict>
			<key>children</key>
			<array>
				<string>D5B341F51A1AF18D00B4E782</string>
				<string>D5B341F61A1AF18D00B4E782</string>
				<string>D5B341F81A1AF18D00B4E782</string>
				<string>D5B341F91A1AF18D00B4E782</string>
				<string>D5B341FB1A1AF18D00B4E782</string>
				<string>D5B341FE1A1AF18D00B4E782</string>
				<string>D5B342001A1AF18D00B4E782</string>
				<string>D5B341F11A1AF18D00B4E782</string>
			</array>
			<key>isa</key>
			<string>PBXGroup</string>
			<key>path</key>
			<string>MockRP</string>
			<key>sourceTree</key>
			<string>&lt;group&gt;</string>
		</dict>
		<key>D5B341F11A1AF18D00B4E782</key>
		<dict>
			<key>children</key>
			<array>
				<string>D5B341F21A1AF18D00B4E782</string>
				<string>D5B341F31A1AF18D00B4E782</string>
			</array>
			<key>isa</key>
			<string>PBXGroup</string>
			<key>name</key>
			<string>Supporting Files</string>
			<key>sourceTree</key>
			<string>&lt;group&gt;</string>
		</dict>
		<key>D5B341F21A1AF18D00B4E782</key>
		<dict>
			<key>isa</key>
			<string>PBXFileReference</string>
			<key>lastKnownFileType</key>
			<string>text.plist.xml</string>
			<key>path</key>
			<string>Info.plist</string>
			<key>sourceTree</key>
			<string>&lt;group&gt;</string>
		</dict>
		<key>D5B341F31A1AF18D00B4E782</key>
		<dict>
			<key>isa</key>
			<string>PBXFileReference</string>
			<key>lastKnownFileType</key>
			<string>sourcecode.c.objc</string>
			<key>path</key>
			<string>main.m</string>
			<key>sourceTree</key>
			<string>&lt;group&gt;</string>
		</dict>
		<key>D5B341F41A1AF18D00B4E782</key>
		<dict>
			<key>fileRef</key>
			<string>D5B341F31A1AF18D00B4E782</string>
			<key>isa</key>
			<string>PBXBuildFile</string>
		</dict>
		<key>D5B341F51A1AF18D00B4E782</key>
		<dict>
			<key>isa</key>
			<string>PBXFileReference</string>
			<key>lastKnownFileType</key>
			<string>sourcecode.c.h</string>
			<key>path</key>
			<string>AppDelegate.h</string>
			<key>sourceTree</key>
			<string>&lt;group&gt;</string>
		</dict>
		<key>D5B341F61A1AF18D00B4E782</key>
		<dict>
			<key>isa</key>
			<string>PBXFileReference</string>
			<key>lastKnownFileType</key>
			<string>sourcecode.c.objc</string>
			<key>path</key>
			<string>AppDelegate.m</string>
			<key>sourceTree</key>
			<string>&lt;group&gt;</string>
		</dict>
		<key>D5B341F71A1AF18D00B4E782</key>
		<dict>
			<key>fileRef</key>
			<string>D5B341F61A1AF18D00B4E782</string>
			<key>isa</key>
			<string>PBXBuildFile</string>
		</dict>
		<key>D5B341F81A1AF18D00B4E782</key>
		<dict>
			<key>isa</key>
			<string>PBXFileReference</string>
			<key>lastKnownFileType</key>
			<string>sourcecode.c.h</string>
			<key>path</key>
			<string>ViewController.h</string>
			<key>sourceTree</key>
			<string>&lt;group&gt;</string>
		</dict>
		<key>D5B341F91A1AF18D00B4E782</key>
		<dict>
			<key>isa</key>
			<string>PBXFileReference</string>
			<key>lastKnownFileType</key>
			<string>sourcecode.c.objc</string>
			<key>path</key>
			<string>ViewController.m</string>
			<key>sourceTree</key>
			<string>&lt;group&gt;</string>
		</dict>
		<key>D5B341FA1A1AF18D00B4E782</key>
		<dict>
			<key>fileRef</key>
			<string>D5B341F91A1AF18D00B4E782</string>
			<key>isa</key>
			<string>PBXBuildFile</string>
		</dict>
		<key>D5B341FB1A1AF18D00B4E782</key>
		<dict>
			<key>children</key>
			<array>
				<string>D5B341FC1A1AF18D00B4E782</string>
			</array>
			<key>isa</key>
			<string>PBXVariantGroup</string>
			<key>name</key>
			<string>Main.storyboard</string>
			<key>sourceTree</key>
			<string>&lt;group&gt;</string>
		</dict>
		<key>D5B341FC1A1AF18D00B4E782</key>
		<dict>
			<key>isa</key>
			<string>PBXFileReference</string>
			<key>lastKnownFileType</key>
			<string>file.storyboard</string>
			<key>name</key>
			<string>Base</string>
			<key>path</key>
			<string>Base.lproj/Main.storyboard</string>
			<key>sourceTree</key>
			<string>&lt;group&gt;</string>
		</dict>
		<key>D5B341FD1A1AF18D00B4E782</key>
		<dict>
			<key>fileRef</key>
			<string>D5B341FB1A1AF18D00B4E782</string>
			<key>isa</key>
			<string>PBXBuildFile</string>
		</dict>
		<key>D5B341FE1A1AF18D00B4E782</key>
		<dict>
			<key>isa</key>
			<string>PBXFileReference</string>
			<key>lastKnownFileType</key>
			<string>folder.assetcatalog</string>
			<key>path</key>
			<string>Images.xcassets</string>
			<key>sourceTree</key>
			<string>&lt;group&gt;</string>
		</dict>
		<key>D5B341FF1A1AF18D00B4E782</key>
		<dict>
			<key>fileRef</key>
			<string>D5B341FE1A1AF18D00B4E782</string>
			<key>isa</key>
			<string>PBXBuildFile</string>
		</dict>
		<key>D5B342001A1AF18D00B4E782</key>
		<dict>
			<key>children</key>
			<array>
				<string>D5B342011A1AF18D00B4E782</string>
			</array>
			<key>isa</key>
			<string>PBXVariantGroup</string>
			<key>name</key>
			<string>LaunchScreen.xib</string>
			<key>sourceTree</key>
			<string>&lt;group&gt;</string>
		</dict>
		<key>D5B342011A1AF18D00B4E782</key>
		<dict>
			<key>isa</key>
			<string>PBXFileReference</string>
			<key>lastKnownFileType</key>
			<string>file.xib</string>
			<key>name</key>
			<string>Base</string>
			<key>path</key>
			<string>Base.lproj/LaunchScreen.xib</string>
			<key>sourceTree</key>
			<string>&lt;group&gt;</string>
		</dict>
		<key>D5B342021A1AF18D00B4E782</key>
		<dict>
			<key>fileRef</key>
			<string>D5B342001A1AF18D00B4E782</string>
			<key>isa</key>
			<string>PBXBuildFile</string>
		</dict>
		<key>D5B342031A1AF18D00B4E782</key>
		<dict>
			<key>buildActionMask</key>
			<string>2147483647</string>
			<key>files</key>
			<array>
				<string>D5B3420E1A1AF18D00B4E782</string>
			</array>
			<key>isa</key>
			<string>PBXSourcesBuildPhase</string>
			<key>runOnlyForDeploymentPostprocessing</key>
			<string>0</string>
		</dict>
		<key>D5B342041A1AF18D00B4E782</key>
		<dict>
			<key>buildActionMask</key>
			<string>2147483647</string>
			<key>files</key>
			<array/>
			<key>isa</key>
			<string>PBXFrameworksBuildPhase</string>
			<key>runOnlyForDeploymentPostprocessing</key>
			<string>0</string>
		</dict>
		<key>D5B342051A1AF18D00B4E782</key>
		<dict>
			<key>buildActionMask</key>
			<string>2147483647</string>
			<key>files</key>
			<array/>
			<key>isa</key>
			<string>PBXResourcesBuildPhase</string>
			<key>runOnlyForDeploymentPostprocessing</key>
			<string>0</string>
		</dict>
		<key>D5B342061A1AF18D00B4E782</key>
		<dict>
			<key>buildConfigurationList</key>
			<string>D5B342121A1AF18D00B4E782</string>
			<key>buildPhases</key>
			<array>
				<string>D5B342031A1AF18D00B4E782</string>
				<string>D5B342041A1AF18D00B4E782</string>
				<string>D5B342051A1AF18D00B4E782</string>
			</array>
			<key>buildRules</key>
			<array/>
			<key>dependencies</key>
			<array>
				<string>D5B342091A1AF18D00B4E782</string>
			</array>
			<key>isa</key>
			<string>PBXNativeTarget</string>
			<key>name</key>
			<string>MockRPTests</string>
			<key>productName</key>
			<string>MockRPTests</string>
			<key>productReference</key>
			<string>D5B342071A1AF18D00B4E782</string>
			<key>productType</key>
			<string>com.apple.product-type.bundle.unit-test</string>
		</dict>
		<key>D5B342071A1AF18D00B4E782</key>
		<dict>
			<key>explicitFileType</key>
			<string>wrapper.cfbundle</string>
			<key>includeInIndex</key>
			<string>0</string>
			<key>isa</key>
			<string>PBXFileReference</string>
			<key>path</key>
			<string>MockRPTests.xctest</string>
			<key>sourceTree</key>
			<string>BUILT_PRODUCTS_DIR</string>
		</dict>
		<key>D5B342081A1AF18D00B4E782</key>
		<dict>
			<key>containerPortal</key>
			<string>7D648D821A19D76B005C5317</string>
			<key>isa</key>
			<string>PBXContainerItemProxy</string>
			<key>proxyType</key>
			<string>1</string>
			<key>remoteGlobalIDString</key>
			<string>D5B341EE1A1AF18D00B4E782</string>
			<key>remoteInfo</key>
			<string>MockRP</string>
		</dict>
		<key>D5B342091A1AF18D00B4E782</key>
		<dict>
			<key>isa</key>
			<string>PBXTargetDependency</string>
			<key>target</key>
			<string>D5B341EE1A1AF18D00B4E782</string>
			<key>targetProxy</key>
			<string>D5B342081A1AF18D00B4E782</string>
		</dict>
		<key>D5B3420A1A1AF18D00B4E782</key>
		<dict>
			<key>children</key>
			<array>
				<string>D5B3420D1A1AF18D00B4E782</string>
				<string>D5B3420B1A1AF18D00B4E782</string>
			</array>
			<key>isa</key>
			<string>PBXGroup</string>
			<key>path</key>
			<string>MockRPTests</string>
			<key>sourceTree</key>
			<string>&lt;group&gt;</string>
		</dict>
		<key>D5B3420B1A1AF18D00B4E782</key>
		<dict>
			<key>children</key>
			<array>
				<string>D5B3420C1A1AF18D00B4E782</string>
			</array>
			<key>isa</key>
			<string>PBXGroup</string>
			<key>name</key>
			<string>Supporting Files</string>
			<key>sourceTree</key>
			<string>&lt;group&gt;</string>
		</dict>
		<key>D5B3420C1A1AF18D00B4E782</key>
		<dict>
			<key>isa</key>
			<string>PBXFileReference</string>
			<key>lastKnownFileType</key>
			<string>text.plist.xml</string>
			<key>path</key>
			<string>Info.plist</string>
			<key>sourceTree</key>
			<string>&lt;group&gt;</string>
		</dict>
		<key>D5B3420D1A1AF18D00B4E782</key>
		<dict>
			<key>isa</key>
			<string>PBXFileReference</string>
			<key>lastKnownFileType</key>
			<string>sourcecode.c.objc</string>
			<key>path</key>
			<string>MockRPTests.m</string>
			<key>sourceTree</key>
			<string>&lt;group&gt;</string>
		</dict>
		<key>D5B3420E1A1AF18D00B4E782</key>
		<dict>
			<key>fileRef</key>
			<string>D5B3420D1A1AF18D00B4E782</string>
			<key>isa</key>
			<string>PBXBuildFile</string>
		</dict>
		<key>D5B3420F1A1AF18D00B4E782</key>
		<dict>
			<key>buildConfigurations</key>
			<array>
				<string>D5B342101A1AF18D00B4E782</string>
				<string>D5B342111A1AF18D00B4E782</string>
			</array>
			<key>defaultConfigurationIsVisible</key>
			<string>0</string>
			<key>defaultConfigurationName</key>
			<string>Release</string>
			<key>isa</key>
			<string>XCConfigurationList</string>
		</dict>
		<key>D5B342101A1AF18D00B4E782</key>
		<dict>
			<key>buildSettings</key>
			<dict>
				<key>ASSETCATALOG_COMPILER_APPICON_NAME</key>
				<string>AppIcon</string>
				<key>GCC_PREPROCESSOR_DEFINITIONS</key>
				<array>
					<string>DEBUG=1</string>
					<string>$(inherited)</string>
				</array>
				<key>INFOPLIST_FILE</key>
				<string>MockRP/Info.plist</string>
				<key>LD_RUNPATH_SEARCH_PATHS</key>
				<string>$(inherited) @executable_path/Frameworks</string>
				<key>PRODUCT_NAME</key>
				<string>$(TARGET_NAME)</string>
			</dict>
			<key>isa</key>
			<string>XCBuildConfiguration</string>
			<key>name</key>
			<string>Debug</string>
		</dict>
		<key>D5B342111A1AF18D00B4E782</key>
		<dict>
			<key>buildSettings</key>
			<dict>
				<key>ASSETCATALOG_COMPILER_APPICON_NAME</key>
				<string>AppIcon</string>
				<key>INFOPLIST_FILE</key>
				<string>MockRP/Info.plist</string>
				<key>LD_RUNPATH_SEARCH_PATHS</key>
				<string>$(inherited) @executable_path/Frameworks</string>
				<key>PRODUCT_NAME</key>
				<string>$(TARGET_NAME)</string>
			</dict>
			<key>isa</key>
			<string>XCBuildConfiguration</string>
			<key>name</key>
			<string>Release</string>
		</dict>
		<key>D5B342121A1AF18D00B4E782</key>
		<dict>
			<key>buildConfigurations</key>
			<array>
				<string>D5B342131A1AF18D00B4E782</string>
				<string>D5B342141A1AF18D00B4E782</string>
			</array>
			<key>defaultConfigurationIsVisible</key>
			<string>0</string>
			<key>defaultConfigurationName</key>
			<string>Release</string>
			<key>isa</key>
			<string>XCConfigurationList</string>
		</dict>
		<key>D5B342131A1AF18D00B4E782</key>
		<dict>
			<key>buildSettings</key>
			<dict>
				<key>BUNDLE_LOADER</key>
				<string>$(TEST_HOST)</string>
				<key>FRAMEWORK_SEARCH_PATHS</key>
				<array>
					<string>$(SDKROOT)/Developer/Library/Frameworks</string>
					<string>$(inherited)</string>
				</array>
				<key>GCC_PREPROCESSOR_DEFINITIONS</key>
				<array>
					<string>DEBUG=1</string>
					<string>$(inherited)</string>
				</array>
				<key>INFOPLIST_FILE</key>
				<string>MockRPTests/Info.plist</string>
				<key>LD_RUNPATH_SEARCH_PATHS</key>
				<string>$(inherited) @executable_path/Frameworks @loader_path/Frameworks</string>
				<key>PRODUCT_NAME</key>
				<string>$(TARGET_NAME)</string>
				<key>TEST_HOST</key>
				<string>$(BUILT_PRODUCTS_DIR)/MockRP.app/MockRP</string>
			</dict>
			<key>isa</key>
			<string>XCBuildConfiguration</string>
			<key>name</key>
			<string>Debug</string>
		</dict>
		<key>D5B342141A1AF18D00B4E782</key>
		<dict>
			<key>buildSettings</key>
			<dict>
				<key>BUNDLE_LOADER</key>
				<string>$(TEST_HOST)</string>
				<key>FRAMEWORK_SEARCH_PATHS</key>
				<array>
					<string>$(SDKROOT)/Developer/Library/Frameworks</string>
					<string>$(inherited)</string>
				</array>
				<key>INFOPLIST_FILE</key>
				<string>MockRPTests/Info.plist</string>
				<key>LD_RUNPATH_SEARCH_PATHS</key>
				<string>$(inherited) @executable_path/Frameworks @loader_path/Frameworks</string>
				<key>PRODUCT_NAME</key>
				<string>$(TARGET_NAME)</string>
				<key>TEST_HOST</key>
				<string>$(BUILT_PRODUCTS_DIR)/MockRP.app/MockRP</string>
			</dict>
			<key>isa</key>
			<string>XCBuildConfiguration</string>
			<key>name</key>
			<string>Release</string>
		</dict>
		<key>D5B342151A1AF1F000B4E782</key>
		<dict>
			<key>fileRef</key>
			<string>D5B341E91A19FE8900B4E782</string>
			<key>isa</key>
			<string>PBXBuildFile</string>
		</dict>
		<key>D5B342161A1AF1F800B4E782</key>
		<dict>
			<key>fileRef</key>
			<string>D5B341E71A19FE8200B4E782</string>
			<key>isa</key>
			<string>PBXBuildFile</string>
		</dict>
	</dict>
	<key>rootObject</key>
	<string>7D648D821A19D76B005C5317</string>
</dict>
</plist>
